
Microsoft Visual Studio Solution File, Format Version 12.00
# Visual Studio 15
VisualStudioVersion = 15.0.26124.0
MinimumVisualStudioVersion = 15.0.26124.0
Project("{FAE04EC0-301F-11D3-BF4B-00C04F79EFBC}") = "WebApi", "WebApi\WebApi.csproj", "{1E5907B1-D0ED-4E2C-8369-D7D28623D9CB}"
EndProject
Project("{2150E333-8FDC-42A3-9474-1A3956D46DE8}") = "Lib", "Lib", "{15187B55-4230-4F10-AC7E-B9DF082201FC}"
EndProject
Project("{2150E333-8FDC-42A3-9474-1A3956D46DE8}") = "Users", "Users", "{25556B29-ABA7-4E5A-B024-67F96FE8D51E}"
EndProject
Project("{FAE04EC0-301F-11D3-BF4B-00C04F79EFBC}") = "Users.Common", "Lib\Users\Common\Users.Common.csproj", "{910AE3BA-0D47-4330-8D36-ECCFF34691A9}"
EndProject
Project("{FAE04EC0-301F-11D3-BF4B-00C04F79EFBC}") = "Users.Repositories", "Lib\Users\Repositories\Users.Repositories.csproj", "{57A47EB0-6891-43A1-971E-C542ED3B7E1A}"
EndProject
Project("{FAE04EC0-301F-11D3-BF4B-00C04F79EFBC}") = "Users.Services", "Lib\Users\Services\Users.Services.csproj", "{FAF3DE9D-C7A7-4710-9C76-2EEF30E76E77}"
EndProject
Project("{2150E333-8FDC-42A3-9474-1A3956D46DE8}") = "Utils", "Utils", "{EFECAD6F-F3B5-4329-AC93-D433968A5017}"
EndProject
Project("{FAE04EC0-301F-11D3-BF4B-00C04F79EFBC}") = "Utils.Encrypt", "Lib\Utils\Encrypt\Utils.Encrypt.csproj", "{3C78E19F-196E-48CA-A7FE-269638861BB4}"
EndProject
Project("{FAE04EC0-301F-11D3-BF4B-00C04F79EFBC}") = "Utils.Extentions", "Lib\Utils\Extentions\Utils.Extentions.csproj", "{B3A45EE2-797C-45E9-AE18-082ED18B37C9}"
EndProject
Project("{2150E333-8FDC-42A3-9474-1A3956D46DE8}") = "Token", "Token", "{1C1EE603-1C62-4FC3-8BD9-7A9BBCB3B4BA}"
EndProject
Project("{FAE04EC0-301F-11D3-BF4B-00C04F79EFBC}") = "Token.Common", "Lib\Token\Common\Token.Common.csproj", "{10FB6851-BAAD-43F9-B3B6-8AD11633CA0A}"
EndProject
Project("{FAE04EC0-301F-11D3-BF4B-00C04F79EFBC}") = "Token.Repositories", "Lib\Token\Repositories\Token.Repositories.csproj", "{4B6740D1-7700-4644-B256-64F89A80412E}"
EndProject
Project("{FAE04EC0-301F-11D3-BF4B-00C04F79EFBC}") = "Token.Services", "Lib\Token\Services\Token.Services.csproj", "{1926F20E-4490-477A-9163-E39B19B91A67}"
EndProject
Project("{2150E333-8FDC-42A3-9474-1A3956D46DE8}") = "Config", "Config", "{7B7FD427-1009-4815-B888-08AC702911FA}"
EndProject
Project("{FAE04EC0-301F-11D3-BF4B-00C04F79EFBC}") = "Config.Docker", "Lib\Config\Docker\Config.Docker.csproj", "{A6127720-065B-4C11-8D0F-475A792BE10A}"
EndProject
Project("{2150E333-8FDC-42A3-9474-1A3956D46DE8}") = "App", "App", "{CEB11B9A-72D6-45CD-BA5C-16C9ED5A0362}"
EndProject
Project("{FAE04EC0-301F-11D3-BF4B-00C04F79EFBC}") = "App.Common", "Lib\App\Common\App.Common.csproj", "{550FD193-84A2-4B63-A636-2B525664BF80}"
EndProject
Global
	GlobalSection(SolutionConfigurationPlatforms) = preSolution
		Debug|Any CPU = Debug|Any CPU
		Debug|x64 = Debug|x64
		Debug|x86 = Debug|x86
		Release|Any CPU = Release|Any CPU
		Release|x64 = Release|x64
		Release|x86 = Release|x86
	EndGlobalSection
	GlobalSection(SolutionProperties) = preSolution
		HideSolutionNode = FALSE
	EndGlobalSection
	GlobalSection(ProjectConfigurationPlatforms) = postSolution
		{1E5907B1-D0ED-4E2C-8369-D7D28623D9CB}.Debug|Any CPU.ActiveCfg = Debug|Any CPU
		{1E5907B1-D0ED-4E2C-8369-D7D28623D9CB}.Debug|Any CPU.Build.0 = Debug|Any CPU
		{1E5907B1-D0ED-4E2C-8369-D7D28623D9CB}.Debug|x64.ActiveCfg = Debug|Any CPU
		{1E5907B1-D0ED-4E2C-8369-D7D28623D9CB}.Debug|x64.Build.0 = Debug|Any CPU
		{1E5907B1-D0ED-4E2C-8369-D7D28623D9CB}.Debug|x86.ActiveCfg = Debug|Any CPU
		{1E5907B1-D0ED-4E2C-8369-D7D28623D9CB}.Debug|x86.Build.0 = Debug|Any CPU
		{1E5907B1-D0ED-4E2C-8369-D7D28623D9CB}.Release|Any CPU.ActiveCfg = Release|Any CPU
		{1E5907B1-D0ED-4E2C-8369-D7D28623D9CB}.Release|Any CPU.Build.0 = Release|Any CPU
		{1E5907B1-D0ED-4E2C-8369-D7D28623D9CB}.Release|x64.ActiveCfg = Release|Any CPU
		{1E5907B1-D0ED-4E2C-8369-D7D28623D9CB}.Release|x64.Build.0 = Release|Any CPU
		{1E5907B1-D0ED-4E2C-8369-D7D28623D9CB}.Release|x86.ActiveCfg = Release|Any CPU
		{1E5907B1-D0ED-4E2C-8369-D7D28623D9CB}.Release|x86.Build.0 = Release|Any CPU
		{910AE3BA-0D47-4330-8D36-ECCFF34691A9}.Debug|Any CPU.ActiveCfg = Debug|Any CPU
		{910AE3BA-0D47-4330-8D36-ECCFF34691A9}.Debug|Any CPU.Build.0 = Debug|Any CPU
		{910AE3BA-0D47-4330-8D36-ECCFF34691A9}.Debug|x64.ActiveCfg = Debug|Any CPU
		{910AE3BA-0D47-4330-8D36-ECCFF34691A9}.Debug|x64.Build.0 = Debug|Any CPU
		{910AE3BA-0D47-4330-8D36-ECCFF34691A9}.Debug|x86.ActiveCfg = Debug|Any CPU
		{910AE3BA-0D47-4330-8D36-ECCFF34691A9}.Debug|x86.Build.0 = Debug|Any CPU
		{910AE3BA-0D47-4330-8D36-ECCFF34691A9}.Release|Any CPU.ActiveCfg = Release|Any CPU
		{910AE3BA-0D47-4330-8D36-ECCFF34691A9}.Release|Any CPU.Build.0 = Release|Any CPU
		{910AE3BA-0D47-4330-8D36-ECCFF34691A9}.Release|x64.ActiveCfg = Release|Any CPU
		{910AE3BA-0D47-4330-8D36-ECCFF34691A9}.Release|x64.Build.0 = Release|Any CPU
		{910AE3BA-0D47-4330-8D36-ECCFF34691A9}.Release|x86.ActiveCfg = Release|Any CPU
		{910AE3BA-0D47-4330-8D36-ECCFF34691A9}.Release|x86.Build.0 = Release|Any CPU
		{57A47EB0-6891-43A1-971E-C542ED3B7E1A}.Debug|Any CPU.ActiveCfg = Debug|Any CPU
		{57A47EB0-6891-43A1-971E-C542ED3B7E1A}.Debug|Any CPU.Build.0 = Debug|Any CPU
		{57A47EB0-6891-43A1-971E-C542ED3B7E1A}.Debug|x64.ActiveCfg = Debug|Any CPU
		{57A47EB0-6891-43A1-971E-C542ED3B7E1A}.Debug|x64.Build.0 = Debug|Any CPU
		{57A47EB0-6891-43A1-971E-C542ED3B7E1A}.Debug|x86.ActiveCfg = Debug|Any CPU
		{57A47EB0-6891-43A1-971E-C542ED3B7E1A}.Debug|x86.Build.0 = Debug|Any CPU
		{57A47EB0-6891-43A1-971E-C542ED3B7E1A}.Release|Any CPU.ActiveCfg = Release|Any CPU
		{57A47EB0-6891-43A1-971E-C542ED3B7E1A}.Release|Any CPU.Build.0 = Release|Any CPU
		{57A47EB0-6891-43A1-971E-C542ED3B7E1A}.Release|x64.ActiveCfg = Release|Any CPU
		{57A47EB0-6891-43A1-971E-C542ED3B7E1A}.Release|x64.Build.0 = Release|Any CPU
		{57A47EB0-6891-43A1-971E-C542ED3B7E1A}.Release|x86.ActiveCfg = Release|Any CPU
		{57A47EB0-6891-43A1-971E-C542ED3B7E1A}.Release|x86.Build.0 = Release|Any CPU
		{FAF3DE9D-C7A7-4710-9C76-2EEF30E76E77}.Debug|Any CPU.ActiveCfg = Debug|Any CPU
		{FAF3DE9D-C7A7-4710-9C76-2EEF30E76E77}.Debug|Any CPU.Build.0 = Debug|Any CPU
		{FAF3DE9D-C7A7-4710-9C76-2EEF30E76E77}.Debug|x64.ActiveCfg = Debug|Any CPU
		{FAF3DE9D-C7A7-4710-9C76-2EEF30E76E77}.Debug|x64.Build.0 = Debug|Any CPU
		{FAF3DE9D-C7A7-4710-9C76-2EEF30E76E77}.Debug|x86.ActiveCfg = Debug|Any CPU
		{FAF3DE9D-C7A7-4710-9C76-2EEF30E76E77}.Debug|x86.Build.0 = Debug|Any CPU
		{FAF3DE9D-C7A7-4710-9C76-2EEF30E76E77}.Release|Any CPU.ActiveCfg = Release|Any CPU
		{FAF3DE9D-C7A7-4710-9C76-2EEF30E76E77}.Release|Any CPU.Build.0 = Release|Any CPU
		{FAF3DE9D-C7A7-4710-9C76-2EEF30E76E77}.Release|x64.ActiveCfg = Release|Any CPU
		{FAF3DE9D-C7A7-4710-9C76-2EEF30E76E77}.Release|x64.Build.0 = Release|Any CPU
		{FAF3DE9D-C7A7-4710-9C76-2EEF30E76E77}.Release|x86.ActiveCfg = Release|Any CPU
		{FAF3DE9D-C7A7-4710-9C76-2EEF30E76E77}.Release|x86.Build.0 = Release|Any CPU
		{3C78E19F-196E-48CA-A7FE-269638861BB4}.Debug|Any CPU.ActiveCfg = Debug|Any CPU
		{3C78E19F-196E-48CA-A7FE-269638861BB4}.Debug|Any CPU.Build.0 = Debug|Any CPU
		{3C78E19F-196E-48CA-A7FE-269638861BB4}.Debug|x64.ActiveCfg = Debug|Any CPU
		{3C78E19F-196E-48CA-A7FE-269638861BB4}.Debug|x64.Build.0 = Debug|Any CPU
		{3C78E19F-196E-48CA-A7FE-269638861BB4}.Debug|x86.ActiveCfg = Debug|Any CPU
		{3C78E19F-196E-48CA-A7FE-269638861BB4}.Debug|x86.Build.0 = Debug|Any CPU
		{3C78E19F-196E-48CA-A7FE-269638861BB4}.Release|Any CPU.ActiveCfg = Release|Any CPU
		{3C78E19F-196E-48CA-A7FE-269638861BB4}.Release|Any CPU.Build.0 = Release|Any CPU
		{3C78E19F-196E-48CA-A7FE-269638861BB4}.Release|x64.ActiveCfg = Release|Any CPU
		{3C78E19F-196E-48CA-A7FE-269638861BB4}.Release|x64.Build.0 = Release|Any CPU
		{3C78E19F-196E-48CA-A7FE-269638861BB4}.Release|x86.ActiveCfg = Release|Any CPU
		{3C78E19F-196E-48CA-A7FE-269638861BB4}.Release|x86.Build.0 = Release|Any CPU
		{B3A45EE2-797C-45E9-AE18-082ED18B37C9}.Debug|Any CPU.ActiveCfg = Debug|Any CPU
		{B3A45EE2-797C-45E9-AE18-082ED18B37C9}.Debug|Any CPU.Build.0 = Debug|Any CPU
		{B3A45EE2-797C-45E9-AE18-082ED18B37C9}.Debug|x64.ActiveCfg = Debug|Any CPU
		{B3A45EE2-797C-45E9-AE18-082ED18B37C9}.Debug|x64.Build.0 = Debug|Any CPU
		{B3A45EE2-797C-45E9-AE18-082ED18B37C9}.Debug|x86.ActiveCfg = Debug|Any CPU
		{B3A45EE2-797C-45E9-AE18-082ED18B37C9}.Debug|x86.Build.0 = Debug|Any CPU
		{B3A45EE2-797C-45E9-AE18-082ED18B37C9}.Release|Any CPU.ActiveCfg = Release|Any CPU
		{B3A45EE2-797C-45E9-AE18-082ED18B37C9}.Release|Any CPU.Build.0 = Release|Any CPU
		{B3A45EE2-797C-45E9-AE18-082ED18B37C9}.Release|x64.ActiveCfg = Release|Any CPU
		{B3A45EE2-797C-45E9-AE18-082ED18B37C9}.Release|x64.Build.0 = Release|Any CPU
		{B3A45EE2-797C-45E9-AE18-082ED18B37C9}.Release|x86.ActiveCfg = Release|Any CPU
		{B3A45EE2-797C-45E9-AE18-082ED18B37C9}.Release|x86.Build.0 = Release|Any CPU
		{10FB6851-BAAD-43F9-B3B6-8AD11633CA0A}.Debug|Any CPU.ActiveCfg = Debug|Any CPU
		{10FB6851-BAAD-43F9-B3B6-8AD11633CA0A}.Debug|Any CPU.Build.0 = Debug|Any CPU
		{10FB6851-BAAD-43F9-B3B6-8AD11633CA0A}.Debug|x64.ActiveCfg = Debug|Any CPU
		{10FB6851-BAAD-43F9-B3B6-8AD11633CA0A}.Debug|x64.Build.0 = Debug|Any CPU
		{10FB6851-BAAD-43F9-B3B6-8AD11633CA0A}.Debug|x86.ActiveCfg = Debug|Any CPU
		{10FB6851-BAAD-43F9-B3B6-8AD11633CA0A}.Debug|x86.Build.0 = Debug|Any CPU
		{10FB6851-BAAD-43F9-B3B6-8AD11633CA0A}.Release|Any CPU.ActiveCfg = Release|Any CPU
		{10FB6851-BAAD-43F9-B3B6-8AD11633CA0A}.Release|Any CPU.Build.0 = Release|Any CPU
		{10FB6851-BAAD-43F9-B3B6-8AD11633CA0A}.Release|x64.ActiveCfg = Release|Any CPU
		{10FB6851-BAAD-43F9-B3B6-8AD11633CA0A}.Release|x64.Build.0 = Release|Any CPU
		{10FB6851-BAAD-43F9-B3B6-8AD11633CA0A}.Release|x86.ActiveCfg = Release|Any CPU
		{10FB6851-BAAD-43F9-B3B6-8AD11633CA0A}.Release|x86.Build.0 = Release|Any CPU
		{4B6740D1-7700-4644-B256-64F89A80412E}.Debug|Any CPU.ActiveCfg = Debug|Any CPU
		{4B6740D1-7700-4644-B256-64F89A80412E}.Debug|Any CPU.Build.0 = Debug|Any CPU
		{4B6740D1-7700-4644-B256-64F89A80412E}.Debug|x64.ActiveCfg = Debug|Any CPU
		{4B6740D1-7700-4644-B256-64F89A80412E}.Debug|x64.Build.0 = Debug|Any CPU
		{4B6740D1-7700-4644-B256-64F89A80412E}.Debug|x86.ActiveCfg = Debug|Any CPU
		{4B6740D1-7700-4644-B256-64F89A80412E}.Debug|x86.Build.0 = Debug|Any CPU
		{4B6740D1-7700-4644-B256-64F89A80412E}.Release|Any CPU.ActiveCfg = Release|Any CPU
		{4B6740D1-7700-4644-B256-64F89A80412E}.Release|Any CPU.Build.0 = Release|Any CPU
		{4B6740D1-7700-4644-B256-64F89A80412E}.Release|x64.ActiveCfg = Release|Any CPU
		{4B6740D1-7700-4644-B256-64F89A80412E}.Release|x64.Build.0 = Release|Any CPU
		{4B6740D1-7700-4644-B256-64F89A80412E}.Release|x86.ActiveCfg = Release|Any CPU
		{4B6740D1-7700-4644-B256-64F89A80412E}.Release|x86.Build.0 = Release|Any CPU
		{1926F20E-4490-477A-9163-E39B19B91A67}.Debug|Any CPU.ActiveCfg = Debug|Any CPU
		{1926F20E-4490-477A-9163-E39B19B91A67}.Debug|Any CPU.Build.0 = Debug|Any CPU
		{1926F20E-4490-477A-9163-E39B19B91A67}.Debug|x64.ActiveCfg = Debug|Any CPU
		{1926F20E-4490-477A-9163-E39B19B91A67}.Debug|x64.Build.0 = Debug|Any CPU
		{1926F20E-4490-477A-9163-E39B19B91A67}.Debug|x86.ActiveCfg = Debug|Any CPU
		{1926F20E-4490-477A-9163-E39B19B91A67}.Debug|x86.Build.0 = Debug|Any CPU
		{1926F20E-4490-477A-9163-E39B19B91A67}.Release|Any CPU.ActiveCfg = Release|Any CPU
		{1926F20E-4490-477A-9163-E39B19B91A67}.Release|Any CPU.Build.0 = Release|Any CPU
		{1926F20E-4490-477A-9163-E39B19B91A67}.Release|x64.ActiveCfg = Release|Any CPU
		{1926F20E-4490-477A-9163-E39B19B91A67}.Release|x64.Build.0 = Release|Any CPU
		{1926F20E-4490-477A-9163-E39B19B91A67}.Release|x86.ActiveCfg = Release|Any CPU
		{1926F20E-4490-477A-9163-E39B19B91A67}.Release|x86.Build.0 = Release|Any CPU
		{A6127720-065B-4C11-8D0F-475A792BE10A}.Debug|Any CPU.ActiveCfg = Debug|Any CPU
		{A6127720-065B-4C11-8D0F-475A792BE10A}.Debug|Any CPU.Build.0 = Debug|Any CPU
		{A6127720-065B-4C11-8D0F-475A792BE10A}.Debug|x64.ActiveCfg = Debug|Any CPU
		{A6127720-065B-4C11-8D0F-475A792BE10A}.Debug|x64.Build.0 = Debug|Any CPU
		{A6127720-065B-4C11-8D0F-475A792BE10A}.Debug|x86.ActiveCfg = Debug|Any CPU
		{A6127720-065B-4C11-8D0F-475A792BE10A}.Debug|x86.Build.0 = Debug|Any CPU
		{A6127720-065B-4C11-8D0F-475A792BE10A}.Release|Any CPU.ActiveCfg = Release|Any CPU
		{A6127720-065B-4C11-8D0F-475A792BE10A}.Release|Any CPU.Build.0 = Release|Any CPU
		{A6127720-065B-4C11-8D0F-475A792BE10A}.Release|x64.ActiveCfg = Release|Any CPU
		{A6127720-065B-4C11-8D0F-475A792BE10A}.Release|x64.Build.0 = Release|Any CPU
		{A6127720-065B-4C11-8D0F-475A792BE10A}.Release|x86.ActiveCfg = Release|Any CPU
		{A6127720-065B-4C11-8D0F-475A792BE10A}.Release|x86.Build.0 = Release|Any CPU
		{550FD193-84A2-4B63-A636-2B525664BF80}.Debug|Any CPU.ActiveCfg = Debug|Any CPU
		{550FD193-84A2-4B63-A636-2B525664BF80}.Debug|Any CPU.Build.0 = Debug|Any CPU
		{550FD193-84A2-4B63-A636-2B525664BF80}.Debug|x64.ActiveCfg = Debug|Any CPU
		{550FD193-84A2-4B63-A636-2B525664BF80}.Debug|x64.Build.0 = Debug|Any CPU
		{550FD193-84A2-4B63-A636-2B525664BF80}.Debug|x86.ActiveCfg = Debug|Any CPU
		{550FD193-84A2-4B63-A636-2B525664BF80}.Debug|x86.Build.0 = Debug|Any CPU
		{550FD193-84A2-4B63-A636-2B525664BF80}.Release|Any CPU.ActiveCfg = Release|Any CPU
		{550FD193-84A2-4B63-A636-2B525664BF80}.Release|Any CPU.Build.0 = Release|Any CPU
		{550FD193-84A2-4B63-A636-2B525664BF80}.Release|x64.ActiveCfg = Release|Any CPU
		{550FD193-84A2-4B63-A636-2B525664BF80}.Release|x64.Build.0 = Release|Any CPU
		{550FD193-84A2-4B63-A636-2B525664BF80}.Release|x86.ActiveCfg = Release|Any CPU
		{550FD193-84A2-4B63-A636-2B525664BF80}.Release|x86.Build.0 = Release|Any CPU
	EndGlobalSection
	GlobalSection(NestedProjects) = preSolution
		{25556B29-ABA7-4E5A-B024-67F96FE8D51E} = {15187B55-4230-4F10-AC7E-B9DF082201FC}
		{910AE3BA-0D47-4330-8D36-ECCFF34691A9} = {25556B29-ABA7-4E5A-B024-67F96FE8D51E}
		{57A47EB0-6891-43A1-971E-C542ED3B7E1A} = {25556B29-ABA7-4E5A-B024-67F96FE8D51E}
		{FAF3DE9D-C7A7-4710-9C76-2EEF30E76E77} = {25556B29-ABA7-4E5A-B024-67F96FE8D51E}
		{EFECAD6F-F3B5-4329-AC93-D433968A5017} = {15187B55-4230-4F10-AC7E-B9DF082201FC}
		{3C78E19F-196E-48CA-A7FE-269638861BB4} = {EFECAD6F-F3B5-4329-AC93-D433968A5017}
		{B3A45EE2-797C-45E9-AE18-082ED18B37C9} = {EFECAD6F-F3B5-4329-AC93-D433968A5017}
		{1C1EE603-1C62-4FC3-8BD9-7A9BBCB3B4BA} = {15187B55-4230-4F10-AC7E-B9DF082201FC}
		{10FB6851-BAAD-43F9-B3B6-8AD11633CA0A} = {1C1EE603-1C62-4FC3-8BD9-7A9BBCB3B4BA}
		{4B6740D1-7700-4644-B256-64F89A80412E} = {1C1EE603-1C62-4FC3-8BD9-7A9BBCB3B4BA}
		{1926F20E-4490-477A-9163-E39B19B91A67} = {1C1EE603-1C62-4FC3-8BD9-7A9BBCB3B4BA}
		{7B7FD427-1009-4815-B888-08AC702911FA} = {15187B55-4230-4F10-AC7E-B9DF082201FC}
		{A6127720-065B-4C11-8D0F-475A792BE10A} = {7B7FD427-1009-4815-B888-08AC702911FA}
		{CEB11B9A-72D6-45CD-BA5C-16C9ED5A0362} = {15187B55-4230-4F10-AC7E-B9DF082201FC}
		{550FD193-84A2-4B63-A636-2B525664BF80} = {CEB11B9A-72D6-45CD-BA5C-16C9ED5A0362}
	EndGlobalSection
EndGlobal
